// !$*UTF8*$!
{
	archiveVersion = 1;
	classes = {
	};
	objectVersion = 77;
	objects = {

/* Begin PBXContainerItemProxy section */
		B4C0A3C22F74C44400AF5D48 /* PBXContainerItemProxy */ = {
			isa = PBXContainerItemProxy;
			containerPortal = B4C0A3AC2F74C44300AF5D48 /* Project object */;
			proxyType = 1;
			remoteGlobalIDString = B4C0A3B32F74C44300AF5D48;
			remoteInfo = JarvisMac;
		};
		B4C0A3CC2F74C44400AF5D48 /* PBXContainerItemProxy */ = {
			isa = PBXContainerItemProxy;
			containerPortal = B4C0A3AC2F74C44300AF5D48 /* Project object */;
			proxyType = 1;
			remoteGlobalIDString = B4C0A3B32F74C44300AF5D48;
			remoteInfo = JarvisMac;
		};
/* End PBXContainerItemProxy section */

/* Begin PBXFileReference section */
		B4C0A3B42F74C44300AF5D48 /* JarvisMac.app */ = {isa = PBXFileReference; explicitFileType = wrapper.application; includeInIndex = 0; path = JarvisMac.app; sourceTree = BUILT_PRODUCTS_DIR; };
		B4C0A3C12F74C44400AF5D48 /* JarvisMacTests.xctest */ = {isa = PBXFileReference; explicitFileType = wrapper.cfbundle; includeInIndex = 0; path = JarvisMacTests.xctest; sourceTree = BUILT_PRODUCTS_DIR; };
		B4C0A3CB2F74C44400AF5D48 /* JarvisMacUITests.xctest */ = {isa = PBXFileReference; explicitFileType = wrapper.cfbundle; includeInIndex = 0; path = JarvisMacUITests.xctest; sourceTree = BUILT_PRODUCTS_DIR; };
/* End PBXFileReference section */

/* Begin PBXFileSystemSynchronizedRootGroup section */
		B4C0A3B62F74C44300AF5D48 /* JarvisMac */ = {
			isa = PBXFileSystemSynchronizedRootGroup;
			path = JarvisMac;
			sourceTree = "<group>";
		};
		B4C0A3C42F74C44400AF5D48 /* JarvisMacTests */ = {
			isa = PBXFileSystemSynchronizedRootGroup;
			path = JarvisMacTests;
			sourceTree = "<group>";
		};
		B4C0A3CE2F74C44400AF5D48 /* JarvisMacUITests */ = {
			isa = PBXFileSystemSynchronizedRootGroup;
			path = JarvisMacUITests;
			sourceTree = "<group>";
		};
/* End PBXFileSystemSynchronizedRootGroup section */

/* Begin PBXFrameworksBuildPhase section */
		B4C0A3B12F74C44300AF5D48 /* Frameworks */ = {
			isa = PBXFrameworksBuildPhase;
			buildActionMask = 2147483647;
			files = (
			);
			runOnlyForDeploymentPostprocessing = 0;
		};
		B4C0A3BE2F74C44400AF5D48 /* Frameworks */ = {
			isa = PBXFrameworksBuildPhase;
			buildActionMask = 2147483647;
			files = (
			);
			runOnlyForDeploymentPostprocessing = 0;
		};
		B4C0A3C82F74C44400AF5D48 /* Frameworks */ = {
			isa = PBXFrameworksBuildPhase;
			buildActionMask = 2147483647;
			files = (
			);
			runOnlyForDeploymentPostprocessing = 0;
		};
/* End PBXFrameworksBuildPhase section */

/* Begin PBXGroup section */
		B4C0A3AB2F74C44300AF5D48 = {
			isa = PBXGroup;
			children = (
				B4C0A3B62F74C44300AF5D48 /* JarvisMac */,
				B4C0A3C42F74C44400AF5D48 /* JarvisMacTests */,
				B4C0A3CE2F74C44400AF5D48 /* JarvisMacUITests */,
				B4C0A3B52F74C44300AF5D48 /* Products */,
			);
			sourceTree = "<group>";
		};
		B4C0A3B52F74C44300AF5D48 /* Products */ = {
			isa = PBXGroup;
			children = (
				B4C0A3B42F74C44300AF5D48 /* JarvisMac.app */,
				B4C0A3C12F74C44400AF5D48 /* JarvisMacTests.xctest */,
				B4C0A3CB2F74C44400AF5D48 /* JarvisMacUITests.xctest */,
			);
			name = Products;
			sourceTree = "<group>";
		};
/* End PBXGroup section */

/* Begin PBXNativeTarget section */
		B4C0A3B32F74C44300AF5D48 /* JarvisMac */ = {
			isa = PBXNativeTarget;
			buildConfigurationList = B4C0A3D52F74C44400AF5D48 /* Build configuration list for PBXNativeTarget "JarvisMac" */;
			buildPhases = (
				B4C0A3B02F74C44300AF5D48 /* Sources */,
				B4C0A3B12F74C44300AF5D48 /* Frameworks */,
				B4C0A3B22F74C44300AF5D48 /* Resources */,
			);
			buildRules = (
			);
			dependencies = (
			);
			fileSystemSynchronizedGroups = (
				B4C0A3B62F74C44300AF5D48 /* JarvisMac */,
			);
			name = JarvisMac;
			packageProductDependencies = (
			);
			productName = JarvisMac;
			productReference = B4C0A3B42F74C44300AF5D48 /* JarvisMac.app */;
			productType = "com.apple.product-type.application";
		};
		B4C0A3C02F74C44400AF5D48 /* JarvisMacTests */ = {
			isa = PBXNativeTarget;
			buildConfigurationList = B4C0A3D82F74C44400AF5D48 /* Build configuration list for PBXNativeTarget "JarvisMacTests" */;
			buildPhases = (
				B4C0A3BD2F74C44400AF5D48 /* Sources */,
				B4C0A3BE2F74C44400AF5D48 /* Frameworks */,
				B4C0A3BF2F74C44400AF5D48 /* Resources */,
			);
			buildRules = (
			);
			dependencies = (
				B4C0A3C32F74C44400AF5D48 /* PBXTargetDependency */,
			);
			fileSystemSynchronizedGroups = (
				B4C0A3C42F74C44400AF5D48 /* JarvisMacTests */,
			);
			name = JarvisMacTests;
			packageProductDependencies = (
			);
			productName = JarvisMacTests;
			productReference = B4C0A3C12F74C44400AF5D48 /* JarvisMacTests.xctest */;
			productType = "com.apple.product-type.bundle.unit-test";
		};
		B4C0A3CA2F74C44400AF5D48 /* JarvisMacUITests */ = {
			isa = PBXNativeTarget;
			buildConfigurationList = B4C0A3DB2F74C44400AF5D48 /* Build configuration list for PBXNativeTarget "JarvisMacUITests" */;
			buildPhases = (
				B4C0A3C72F74C44400AF5D48 /* Sources */,
				B4C0A3C82F74C44400AF5D48 /* Frameworks */,
				B4C0A3C92F74C44400AF5D48 /* Resources */,
			);
			buildRules = (
			);
			dependencies = (
				B4C0A3CD2F74C44400AF5D48 /* PBXTargetDependency */,
			);
			fileSystemSynchronizedGroups = (
				B4C0A3CE2F74C44400AF5D48 /* JarvisMacUITests */,
			);
			name = JarvisMacUITests;
			packageProductDependencies = (
			);
			productName = JarvisMacUITests;
			productReference = B4C0A3CB2F74C44400AF5D48 /* JarvisMacUITests.xctest */;
			productType = "com.apple.product-type.bundle.ui-testing";
		};
/* End PBXNativeTarget section */

/* Begin PBXProject section */
		B4C0A3AC2F74C44300AF5D48 /* Project object */ = {
			isa = PBXProject;
			attributes = {
				BuildIndependentTargetsInParallel = 1;
				LastSwiftUpdateCheck = 2640;
				LastUpgradeCheck = 2640;
				TargetAttributes = {
					B4C0A3B32F74C44300AF5D48 = {
						CreatedOnToolsVersion = 26.4;
					};
					B4C0A3C02F74C44400AF5D48 = {
						CreatedOnToolsVersion = 26.4;
						TestTargetID = B4C0A3B32F74C44300AF5D48;
					};
					B4C0A3CA2F74C44400AF5D48 = {
						CreatedOnToolsVersion = 26.4;
						TestTargetID = B4C0A3B32F74C44300AF5D48;
					};
				};
			};
			buildConfigurationList = B4C0A3AF2F74C44300AF5D48 /* Build configuration list for PBXProject "JarvisMac" */;
			developmentRegion = en;
			hasScannedForEncodings = 0;
			knownRegions = (
				en,
				Base,
			);
			mainGroup = B4C0A3AB2F74C44300AF5D48;
			minimizedProjectReferenceProxies = 1;
			preferredProjectObjectVersion = 77;
			productRefGroup = B4C0A3B52F74C44300AF5D48 /* Products */;
			projectDirPath = "";
			projectRoot = "";
			targets = (
				B4C0A3B32F74C44300AF5D48 /* JarvisMac */,
				B4C0A3C02F74C44400AF5D48 /* JarvisMacTests */,
				B4C0A3CA2F74C44400AF5D48 /* JarvisMacUITests */,
			);
		};
/* End PBXProject section */

/* Begin PBXResourcesBuildPhase section */
		B4C0A3B22F74C44300AF5D48 /* Resources */ = {
			isa = PBXResourcesBuildPhase;
			buildActionMask = 2147483647;
			files = (
			);
			runOnlyForDeploymentPostprocessing = 0;
		};
		B4C0A3BF2F74C44400AF5D48 /* Resources */ = {
			isa = PBXResourcesBuildPhase;
			buildActionMask = 2147483647;
			files = (
			);
			runOnlyForDeploymentPostprocessing = 0;
		};
		B4C0A3C92F74C44400AF5D48 /* Resources */ = {
			isa = PBXResourcesBuildPhase;
			buildActionMask = 2147483647;
			files = (
			);
			runOnlyForDeploymentPostprocessing = 0;
		};
/* End PBXResourcesBuildPhase section */

/* Begin PBXSourcesBuildPhase section */
		B4C0A3B02F74C44300AF5D48 /* Sources */ = {
			isa = PBXSourcesBuildPhase;
			buildActionMask = 2147483647;
			files = (
			);
			runOnlyForDeploymentPostprocessing = 0;
		};
		B4C0A3BD2F74C44400AF5D48 /* Sources */ = {
			isa = PBXSourcesBuildPhase;
			buildActionMask = 2147483647;
			files = (
			);
			runOnlyForDeploymentPostprocessing = 0;
		};
		B4C0A3C72F74C44400AF5D48 /* Sources */ = {
			isa = PBXSourcesBuildPhase;
			buildActionMask = 2147483647;
			files = (
			);
			runOnlyForDeploymentPostprocessing = 0;
		};
/* End PBXSourcesBuildPhase section */

/* Begin PBXTargetDependency section */
		B4C0A3C32F74C44400AF5D48 /* PBXTargetDependency */ = {
			isa = PBXTargetDependency;
			target = B4C0A3B32F74C44300AF5D48 /* JarvisMac */;
			targetProxy = B4C0A3C22F74C44400AF5D48 /* PBXContainerItemProxy */;
		};
		B4C0A3CD2F74C44400AF5D48 /* PBXTargetDependency */ = {
			isa = PBXTargetDependency;
			target = B4C0A3B32F74C44300AF5D48 /* JarvisMac */;
			targetProxy = B4C0A3CC2F74C44400AF5D48 /* PBXContainerItemProxy */;
		};
/* End PBXTargetDependency section */

/* Begin XCBuildConfiguration section */
		B4C0A3D32F74C44400AF5D48 /* Debug */ = {
			isa = XCBuildConfiguration;
			buildSettings = {
				ALWAYS_SEARCH_USER_PATHS = NO;
				ASSETCATALOG_COMPILER_GENERATE_SWIFT_ASSET_SYMBOL_EXTENSIONS = YES;
				CLANG_ANALYZER_NONNULL = YES;
				CLANG_ANALYZER_NUMBER_OBJECT_CONVERSION = YES_AGGRESSIVE;
				CLANG_CXX_LANGUAGE_STANDARD = "gnu++20";
				CLANG_ENABLE_MODULES = YES;
				CLANG_ENABLE_OBJC_ARC = YES;
				CLANG_ENABLE_OBJC_WEAK = YES;
				CLANG_WARN_BLOCK_CAPTURE_AUTORELEASING = YES;
				CLANG_WARN_BOOL_CONVERSION = YES;
				CLANG_WARN_COMMA = YES;
				CLANG_WARN_CONSTANT_CONVERSION = YES;
				CLANG_WARN_DEPRECATED_OBJC_IMPLEMENTATIONS = YES;
				CLANG_WARN_DIRECT_OBJC_ISA_USAGE = YES_ERROR;
				CLANG_WARN_DOCUMENTATION_COMMENTS = YES;
				CLANG_WARN_EMPTY_BODY = YES;
				CLANG_WARN_ENUM_CONVERSION = YES;
				CLANG_WARN_INFINITE_RECURSION = YES;
				CLANG_WARN_INT_CONVERSION = YES;
				CLANG_WARN_NON_LITERAL_NULL_CONVERSION = YES;
				CLANG_WARN_OBJC_IMPLICIT_RETAIN_SELF = YES;
				CLANG_WARN_OBJC_LITERAL_CONVERSION = YES;
				CLANG_WARN_OBJC_ROOT_CLASS = YES_ERROR;
				CLANG_WARN_QUOTED_INCLUDE_IN_FRAMEWORK_HEADER = YES;
				CLANG_WARN_RANGE_LOOP_ANALYSIS = YES;
				CLANG_WARN_STRICT_PROTOTYPES = YES;
				CLANG_WARN_SUSPICIOUS_MOVE = YES;
				CLANG_WARN_UNGUARDED_AVAILABILITY = YES_AGGRESSIVE;
				CLANG_WARN_UNREACHABLE_CODE = YES;
				CLANG_WARN__DUPLICATE_METHOD_MATCH = YES;
				COPY_PHASE_STRIP = NO;
				DEBUG_INFORMATION_FORMAT = dwarf;
				ENABLE_STRICT_OBJC_MSGSEND = YES;
				ENABLE_TESTABILITY = YES;
				ENABLE_USER_SCRIPT_SANDBOXING = YES;
				GCC_C_LANGUAGE_STANDARD = gnu17;
				GCC_DYNAMIC_NO_PIC = NO;
				GCC_NO_COMMON_BLOCKS = YES;
				GCC_OPTIMIZATION_LEVEL = 0;
				GCC_PREPROCESSOR_DEFINITIONS = (
					"DEBUG=1",
					"$(inherited)",
				);
				GCC_WARN_64_TO_32_BIT_CONVERSION = YES;
				GCC_WARN_ABOUT_RETURN_TYPE = YES_ERROR;
				GCC_WARN_UNDECLARED_SELECTOR = YES;
				GCC_WARN_UNINITIALIZED_AUTOS = YES_AGGRESSIVE;
				GCC_WARN_UNUSED_FUNCTION = YES;
				GCC_WARN_UNUSED_VARIABLE = YES;
				LOCALIZATION_PREFERS_STRING_CATALOGS = YES;
				MACOSX_DEPLOYMENT_TARGET = 26.3;
				MTL_ENABLE_DEBUG_INFO = INCLUDE_SOURCE;
				MTL_FAST_MATH = YES;
				ONLY_ACTIVE_ARCH = YES;
				SDKROOT = macosx;
				SWIFT_ACTIVE_COMPILATION_CONDITIONS = "DEBUG $(inherited)";
				SWIFT_OPTIMIZATION_LEVEL = "-Onone";
			};
			name = Debug;
		};
		B4C0A3D42F74C44400AF5D48 /* Release */ = {
			isa = XCBuildConfiguration;
			buildSettings = {
				ALWAYS_SEARCH_USER_PATHS = NO;
				ASSETCATALOG_COMPILER_GENERATE_SWIFT_ASSET_SYMBOL_EXTENSIONS = YES;
				CLANG_ANALYZER_NONNULL = YES;
				CLANG_ANALYZER_NUMBER_OBJECT_CONVERSION = YES_AGGRESSIVE;
				CLANG_CXX_LANGUAGE_STANDARD = "gnu++20";
				CLANG_ENABLE_MODULES = YES;
				CLANG_ENABLE_OBJC_ARC = YES;
				CLANG_ENABLE_OBJC_WEAK = YES;
				CLANG_WARN_BLOCK_CAPTURE_AUTORELEASING = YES;
				CLANG_WARN_BOOL_CONVERSION = YES;
				CLANG_WARN_COMMA = YES;
				CLANG_WARN_CONSTANT_CONVERSION = YES;
				CLANG_WARN_DEPRECATED_OBJC_IMPLEMENTATIONS = YES;
				CLANG_WARN_DIRECT_OBJC_ISA_USAGE = YES_ERROR;
				CLANG_WARN_DOCUMENTATION_COMMENTS = YES;
				CLANG_WARN_EMPTY_BODY = YES;
				CLANG_WARN_ENUM_CONVERSION = YES;
				CLANG_WARN_INFINITE_RECURSION = YES;
				CLANG_WARN_INT_CONVERSION = YES;
				CLANG_WARN_NON_LITERAL_NULL_CONVERSION = YES;
				CLANG_WARN_OBJC_IMPLICIT_RETAIN_SELF = YES;
				CLANG_WARN_OBJC_LITERAL_CONVERSION = YES;
				CLANG_WARN_OBJC_ROOT_CLASS = YES_ERROR;
				CLANG_WARN_QUOTED_INCLUDE_IN_FRAMEWORK_HEADER = YES;
				CLANG_WARN_RANGE_LOOP_ANALYSIS = YES;
				CLANG_WARN_STRICT_PROTOTYPES = YES;
				CLANG_WARN_SUSPICIOUS_MOVE = YES;
				CLANG_WARN_UNGUARDED_AVAILABILITY = YES_AGGRESSIVE;
				CLANG_WARN_UNREACHABLE_CODE = YES;
				CLANG_WARN__DUPLICATE_METHOD_MATCH = YES;
				COPY_PHASE_STRIP = NO;
				DEBUG_INFORMATION_FORMAT = "dwarf-with-dsym";
				ENABLE_NS_ASSERTIONS = NO;
				ENABLE_STRICT_OBJC_MSGSEND = YES;
				ENABLE_USER_SCRIPT_SANDBOXING = YES;
				GCC_C_LANGUAGE_STANDARD = gnu17;
				GCC_NO_COMMON_BLOCKS = YES;
				GCC_WARN_64_TO_32_BIT_CONVERSION = YES;
				GCC_WARN_ABOUT_RETURN_TYPE = YES_ERROR;
				GCC_WARN_UNDECLARED_SELECTOR = YES;
				GCC_WARN_UNINITIALIZED_AUTOS = YES_AGGRESSIVE;
				GCC_WARN_UNUSED_FUNCTION = YES;
				GCC_WARN_UNUSED_VARIABLE = YES;
				LOCALIZATION_PREFERS_STRING_CATALOGS = YES;
				MACOSX_DEPLOYMENT_TARGET = 26.3;
				MTL_ENABLE_DEBUG_INFO = NO;
				MTL_FAST_MATH = YES;
				SDKROOT = macosx;
				SWIFT_COMPILATION_MODE = wholemodule;
			};
			name = Release;
		};
		B4C0A3D62F74C44400AF5D48 /* Debug */ = {
			isa = XCBuildConfiguration;
			buildSettings = {
				ASSETCATALOG_COMPILER_APPICON_NAME = AppIcon;
				ASSETCATALOG_COMPILER_GLOBAL_ACCENT_COLOR_NAME = AccentColor;
				CODE_SIGN_STYLE = Automatic;
				COMBINE_HIDPI_IMAGES = YES;
				CURRENT_PROJECT_VERSION = 1;
				ENABLE_APP_SANDBOX = NO;
				ENABLE_PREVIEWS = YES;
				GENERATE_INFOPLIST_FILE = YES;
				INFOPLIST_KEY_LSUIElement = YES;
				INFOPLIST_KEY_NSHumanReadableCopyright = "";
				LD_RUNPATH_SEARCH_PATHS = (
					"$(inherited)",
					"@executable_path/../Frameworks",
				);
				MARKETING_VERSION = 1.0;
				PRODUCT_BUNDLE_IDENTIFIER = com.sullyyildiz.JarvisMac;
				PRODUCT_NAME = "$(TARGET_NAME)";
				REGISTER_APP_GROUPS = YES;
				STRING_CATALOG_GENERATE_SYMBOLS = YES;
				SWIFT_APPROACHABLE_CONCURRENCY = YES;
				SWIFT_DEFAULT_ACTOR_ISOLATION = MainActor;
				SWIFT_EMIT_LOC_STRINGS = YES;
				SWIFT_UPCOMING_FEATURE_MEMBER_IMPORT_VISIBILITY = YES;
				SWIFT_VERSION = 5.0;
			};
			name = Debug;
		};
		B4C0A3D72F74C44400AF5D48 /* Release */ = {
			isa = XCBuildConfiguration;
			buildSettings = {
				ASSETCATALOG_COMPILER_APPICON_NAME = AppIcon;
				ASSETCATALOG_COMPILER_GLOBAL_ACCENT_COLOR_NAME = AccentColor;
				CODE_SIGN_STYLE = Automatic;
				COMBINE_HIDPI_IMAGES = YES;
				CURRENT_PROJECT_VERSION = 1;
				ENABLE_APP_SANDBOX = NO;
				ENABLE_PREVIEWS = YES;
				GENERATE_INFOPLIST_FILE = YES;
				INFOPLIST_KEY_LSUIElement = YES;
				INFOPLIST_KEY_NSHumanReadableCopyright = "";
				LD_RUNPATH_SEARCH_PATHS = (
					"$(inherited)",
					"@executable_path/../Frameworks",
				);
				MARKETING_VERSION = 1.0;
				PRODUCT_BUNDLE_IDENTIFIER = com.sullyyildiz.JarvisMac;
				PRODUCT_NAME = "$(TARGET_NAME)";
				REGISTER_APP_GROUPS = YES;
				STRING_CATALOG_GENERATE_SYMBOLS = YES;
				SWIFT_APPROACHABLE_CONCURRENCY = YES;
				SWIFT_DEFAULT_ACTOR_ISOLATION = MainActor;
				SWIFT_EMIT_LOC_STRINGS = YES;
				SWIFT_UPCOMING_FEATURE_MEMBER_IMPORT_VISIBILITY = YES;
				SWIFT_VERSION = 5.0;
			};
			name = Release;
		};
		B4C0A3D92F74C44400AF5D48 /* Debug */ = {
			isa = XCBuildConfiguration;
			buildSettings = {
				BUNDLE_LOADER = "$(TEST_HOST)";
				CODE_SIGN_STYLE = Automatic;
				CURRENT_PROJECT_VERSION = 1;
				GENERATE_INFOPLIST_FILE = YES;
				MACOSX_DEPLOYMENT_TARGET = 26.3;
				MARKETING_VERSION = 1.0;
				PRODUCT_BUNDLE_IDENTIFIER = com.sullyyildiz.JarvisMacTests;
				PRODUCT_NAME = "$(TARGET_NAME)";
				STRING_CATALOG_GENERATE_SYMBOLS = NO;
				SWIFT_APPROACHABLE_CONCURRENCY = YES;
				SWIFT_EMIT_LOC_STRINGS = NO;
				SWIFT_UPCOMING_FEATURE_MEMBER_IMPORT_VISIBILITY = YES;
				SWIFT_VERSION = 5.0;
				TEST_HOST = "$(BUILT_PRODUCTS_DIR)/JarvisMac.app/$(BUNDLE_EXECUTABLE_FOLDER_PATH)/JarvisMac";
			};
			name = Debug;
		};
		B4C0A3DA2F74C44400AF5D48 /* Release */ = {
			isa = XCBuildConfiguration;
			buildSettings = {
				BUNDLE_LOADER = "$(TEST_HOST)";
				CODE_SIGN_STYLE = Automatic;
				CURRENT_PROJECT_VERSION = 1;
				GENERATE_INFOPLIST_FILE = YES;
				MACOSX_DEPLOYMENT_TARGET = 26.3;
				MARKETING_VERSION = 1.0;
				PRODUCT_BUNDLE_IDENTIFIER = com.sullyyildiz.JarvisMacTests;
				PRODUCT_NAME = "$(TARGET_NAME)";
				STRING_CATALOG_GENERATE_SYMBOLS = NO;
				SWIFT_APPROACHABLE_CONCURRENCY = YES;
				SWIFT_EMIT_LOC_STRINGS = NO;
				SWIFT_UPCOMING_FEATURE_MEMBER_IMPORT_VISIBILITY = YES;
				SWIFT_VERSION = 5.0;
				TEST_HOST = "$(BUILT_PRODUCTS_DIR)/JarvisMac.app/$(BUNDLE_EXECUTABLE_FOLDER_PATH)/JarvisMac";
			};
			name = Release;
		};
		B4C0A3DC2F74C44400AF5D48 /* Debug */ = {
			isa = XCBuildConfiguration;
			buildSettings = {
				CODE_SIGN_STYLE = Automatic;
				CURRENT_PROJECT_VERSION = 1;
				GENERATE_INFOPLIST_FILE = YES;
				MARKETING_VERSION = 1.0;
				PRODUCT_BUNDLE_IDENTIFIER = com.sullyyildiz.JarvisMacUITests;
				PRODUCT_NAME = "$(TARGET_NAME)";
				STRING_CATALOG_GENERATE_SYMBOLS = NO;
				SWIFT_APPROACHABLE_CONCURRENCY = YES;
				SWIFT_EMIT_LOC_STRINGS = NO;
				SWIFT_UPCOMING_FEATURE_MEMBER_IMPORT_VISIBILITY = YES;
				SWIFT_VERSION = 5.0;
				TEST_TARGET_NAME = JarvisMac;
			};
			name = Debug;
		};
		B4C0A3DD2F74C44400AF5D48 /* Release */ = {
			isa = XCBuildConfiguration;
			buildSettings = {
				CODE_SIGN_STYLE = Automatic;
				CURRENT_PROJECT_VERSION = 1;
				GENERATE_INFOPLIST_FILE = YES;
				MARKETING_VERSION = 1.0;
				PRODUCT_BUNDLE_IDENTIFIER = com.sullyyildiz.JarvisMacUITests;
				PRODUCT_NAME = "$(TARGET_NAME)";
				STRING_CATALOG_GENERATE_SYMBOLS = NO;
				SWIFT_APPROACHABLE_CONCURRENCY = YES;
				SWIFT_EMIT_LOC_STRINGS = NO;
				SWIFT_UPCOMING_FEATURE_MEMBER_IMPORT_VISIBILITY = YES;
				SWIFT_VERSION = 5.0;
				TEST_TARGET_NAME = JarvisMac;
			};
			name = Release;
		};
/* End XCBuildConfiguration section */

/* Begin XCConfigurationList section */
		B4C0A3AF2F74C44300AF5D48 /* Build configuration list for PBXProject "JarvisMac" */ = {
			isa = XCConfigurationList;
			buildConfigurations = (
				B4C0A3D32F74C44400AF5D48 /* Debug */,
				B4C0A3D42F74C44400AF5D48 /* Release */,
			);
			defaultConfigurationIsVisible = 0;
			defaultConfigurationName = Release;
		};
		B4C0A3D52F74C44400AF5D48 /* Build configuration list for PBXNativeTarget "JarvisMac" */ = {
			isa = XCConfigurationList;
			buildConfigurations = (
				B4C0A3D62F74C44400AF5D48 /* Debug */,
				B4C0A3D72F74C44400AF5D48 /* Release */,
			);
			defaultConfigurationIsVisible = 0;
			defaultConfigurationName = Release;
		};
		B4C0A3D82F74C44400AF5D48 /* Build configuration list for PBXNativeTarget "JarvisMacTests" */ = {
			isa = XCConfigurationList;
			buildConfigurations = (
				B4C0A3D92F74C44400AF5D48 /* Debug */,
				B4C0A3DA2F74C44400AF5D48 /* Release */,
			);
			defaultConfigurationIsVisible = 0;
			defaultConfigurationName = Release;
		};
		B4C0A3DB2F74C44400AF5D48 /* Build configuration list for PBXNativeTarget "JarvisMacUITests" */ = {
			isa = XCConfigurationList;
			buildConfigurations = (
				B4C0A3DC2F74C44400AF5D48 /* Debug */,
				B4C0A3DD2F74C44400AF5D48 /* Release */,
			);
			defaultConfigurationIsVisible = 0;
			defaultConfigurationName = Release;
		};
/* End XCConfigurationList section */
	};
	rootObject = B4C0A3AC2F74C44300AF5D48 /* Project object */;
}
